
Microsoft Visual Studio Solution File, Format Version 12.00
# Visual Studio 14
VisualStudioVersion = 14.0.25420.1
MinimumVisualStudioVersion = 10.0.40219.1
Project("{FAE04EC0-301F-11D3-BF4B-00C04F79EFBC}") = "TravixTest.WebService", "TravixTest.WebService\TravixTest.WebService.csproj", "{3EDC3037-9837-4F65-986C-E09B539C10AD}"
EndProject
Project("{FAE04EC0-301F-11D3-BF4B-00C04F79EFBC}") = "TravixTest.Infrastructure", "TravixTest.Infrastructure\TravixTest.Infrastructure.csproj", "{1B074EA3-EAB1-43FF-8438-12FABC19E99F}"
EndProject
Project("{FAE04EC0-301F-11D3-BF4B-00C04F79EFBC}") = "TravixTest.Domain", "TravixTest.Domain\TravixTest.Domain.csproj", "{813EBA4B-AAA4-4202-9850-A1E086EB5251}"
EndProject
Project("{FAE04EC0-301F-11D3-BF4B-00C04F79EFBC}") = "TravixTest.DAL", "TravixTest.DAL\TravixTest.DAL.csproj", "{8B9541D0-B257-4A98-BBF9-ED7DAAE8F462}"
EndProject
Project("{FAE04EC0-301F-11D3-BF4B-00C04F79EFBC}") = "TravixTest.Buisness.Services", "TravixTest.ServiceLayer\TravixTest.Buisness.Services.csproj", "{610D3CD4-2C62-4144-84D7-4DA7C7A4EC59}"
EndProject
Project("{FAE04EC0-301F-11D3-BF4B-00C04F79EFBC}") = "TravixTest.UnitTests", "TravixTest.UnitTests\TravixTest.UnitTests.csproj", "{DAADCB6F-72B0-4CCE-B18C-214AE828709A}"
EndProject
Project("{2150E333-8FDC-42A3-9474-1A3956D46DE8}") = "Domain", "Domain", "{0CA0B093-6A3C-4AA9-93F1-19E88A50FDB5}"
EndProject
Project("{FAE04EC0-301F-11D3-BF4B-00C04F79EFBC}") = "TravixTest.Domain.Services", "TravixTest.Domain.Services\TravixTest.Domain.Services.csproj", "{51A38FF3-DE56-4029-A10B-A475F48D9639}"
EndProject
Project("{2150E333-8FDC-42A3-9474-1A3956D46DE8}") = "Buisness", "Buisness", "{45612E38-DF40-42E7-A2B4-42A1CC3BBB79}"
EndProject
Project("{FAE04EC0-301F-11D3-BF4B-00C04F79EFBC}") = "TravixTest.Buisness.Models", "TravixTest.Buisness.Models\TravixTest.Buisness.Models.csproj", "{026345DF-B04C-4CB8-9D6D-2B365CE79072}"
EndProject
Project("{FAE04EC0-301F-11D3-BF4B-00C04F79EFBC}") = "TravixTest.Domain.Services.Interfaces", "TravixTest.Domain.Services.Interfaces\TravixTest.Domain.Services.Interfaces.csproj", "{0FB1BD17-EABC-49F3-9BE3-79890A0D933C}"
EndProject
Global
	GlobalSection(SolutionConfigurationPlatforms) = preSolution
		Debug|Any CPU = Debug|Any CPU
		Release|Any CPU = Release|Any CPU
	EndGlobalSection
	GlobalSection(ProjectConfigurationPlatforms) = postSolution
		{3EDC3037-9837-4F65-986C-E09B539C10AD}.Debug|Any CPU.ActiveCfg = Debug|Any CPU
		{3EDC3037-9837-4F65-986C-E09B539C10AD}.Debug|Any CPU.Build.0 = Debug|Any CPU
		{3EDC3037-9837-4F65-986C-E09B539C10AD}.Release|Any CPU.ActiveCfg = Release|Any CPU
		{3EDC3037-9837-4F65-986C-E09B539C10AD}.Release|Any CPU.Build.0 = Release|Any CPU
		{1B074EA3-EAB1-43FF-8438-12FABC19E99F}.Debug|Any CPU.ActiveCfg = Debug|Any CPU
		{1B074EA3-EAB1-43FF-8438-12FABC19E99F}.Debug|Any CPU.Build.0 = Debug|Any CPU
		{1B074EA3-EAB1-43FF-8438-12FABC19E99F}.Release|Any CPU.ActiveCfg = Release|Any CPU
		{1B074EA3-EAB1-43FF-8438-12FABC19E99F}.Release|Any CPU.Build.0 = Release|Any CPU
		{813EBA4B-AAA4-4202-9850-A1E086EB5251}.Debug|Any CPU.ActiveCfg = Debug|Any CPU
		{813EBA4B-AAA4-4202-9850-A1E086EB5251}.Debug|Any CPU.Build.0 = Debug|Any CPU
		{813EBA4B-AAA4-4202-9850-A1E086EB5251}.Release|Any CPU.ActiveCfg = Release|Any CPU
		{813EBA4B-AAA4-4202-9850-A1E086EB5251}.Release|Any CPU.Build.0 = Release|Any CPU
		{8B9541D0-B257-4A98-BBF9-ED7DAAE8F462}.Debug|Any CPU.ActiveCfg = Debug|Any CPU
		{8B9541D0-B257-4A98-BBF9-ED7DAAE8F462}.Debug|Any CPU.Build.0 = Debug|Any CPU
		{8B9541D0-B257-4A98-BBF9-ED7DAAE8F462}.Release|Any CPU.ActiveCfg = Release|Any CPU
		{8B9541D0-B257-4A98-BBF9-ED7DAAE8F462}.Release|Any CPU.Build.0 = Release|Any CPU
		{610D3CD4-2C62-4144-84D7-4DA7C7A4EC59}.Debug|Any CPU.ActiveCfg = Debug|Any CPU
		{610D3CD4-2C62-4144-84D7-4DA7C7A4EC59}.Debug|Any CPU.Build.0 = Debug|Any CPU
		{610D3CD4-2C62-4144-84D7-4DA7C7A4EC59}.Release|Any CPU.ActiveCfg = Release|Any CPU
		{610D3CD4-2C62-4144-84D7-4DA7C7A4EC59}.Release|Any CPU.Build.0 = Release|Any CPU
		{DAADCB6F-72B0-4CCE-B18C-214AE828709A}.Debug|Any CPU.ActiveCfg = Debug|Any CPU
		{DAADCB6F-72B0-4CCE-B18C-214AE828709A}.Debug|Any CPU.Build.0 = Debug|Any CPU
		{DAADCB6F-72B0-4CCE-B18C-214AE828709A}.Release|Any CPU.ActiveCfg = Release|Any CPU
		{DAADCB6F-72B0-4CCE-B18C-214AE828709A}.Release|Any CPU.Build.0 = Release|Any CPU
		{51A38FF3-DE56-4029-A10B-A475F48D9639}.Debug|Any CPU.ActiveCfg = Debug|Any CPU
		{51A38FF3-DE56-4029-A10B-A475F48D9639}.Debug|Any CPU.Build.0 = Debug|Any CPU
		{51A38FF3-DE56-4029-A10B-A475F48D9639}.Release|Any CPU.ActiveCfg = Release|Any CPU
		{51A38FF3-DE56-4029-A10B-A475F48D9639}.Release|Any CPU.Build.0 = Release|Any CPU
		{026345DF-B04C-4CB8-9D6D-2B365CE79072}.Debug|Any CPU.ActiveCfg = Debug|Any CPU
		{026345DF-B04C-4CB8-9D6D-2B365CE79072}.Debug|Any CPU.Build.0 = Debug|Any CPU
		{026345DF-B04C-4CB8-9D6D-2B365CE79072}.Release|Any CPU.ActiveCfg = Release|Any CPU
		{026345DF-B04C-4CB8-9D6D-2B365CE79072}.Release|Any CPU.Build.0 = Release|Any CPU
		{0FB1BD17-EABC-49F3-9BE3-79890A0D933C}.Debug|Any CPU.ActiveCfg = Debug|Any CPU
		{0FB1BD17-EABC-49F3-9BE3-79890A0D933C}.Debug|Any CPU.Build.0 = Debug|Any CPU
		{0FB1BD17-EABC-49F3-9BE3-79890A0D933C}.Release|Any CPU.ActiveCfg = Release|Any CPU
		{0FB1BD17-EABC-49F3-9BE3-79890A0D933C}.Release|Any CPU.Build.0 = Release|Any CPU
	EndGlobalSection
	GlobalSection(SolutionProperties) = preSolution
		HideSolutionNode = FALSE
	EndGlobalSection
	GlobalSection(NestedProjects) = preSolution
		{813EBA4B-AAA4-4202-9850-A1E086EB5251} = {0CA0B093-6A3C-4AA9-93F1-19E88A50FDB5}
		{8B9541D0-B257-4A98-BBF9-ED7DAAE8F462} = {0CA0B093-6A3C-4AA9-93F1-19E88A50FDB5}
		{610D3CD4-2C62-4144-84D7-4DA7C7A4EC59} = {45612E38-DF40-42E7-A2B4-42A1CC3BBB79}
		{51A38FF3-DE56-4029-A10B-A475F48D9639} = {0CA0B093-6A3C-4AA9-93F1-19E88A50FDB5}
		{026345DF-B04C-4CB8-9D6D-2B365CE79072} = {45612E38-DF40-42E7-A2B4-42A1CC3BBB79}
		{0FB1BD17-EABC-49F3-9BE3-79890A0D933C} = {0CA0B093-6A3C-4AA9-93F1-19E88A50FDB5}
	EndGlobalSection
EndGlobal
